
Microsoft Visual Studio Solution File, Format Version 12.00
# Visual Studio Version 17
VisualStudioVersion = 17.14.36518.9
MinimumVisualStudioVersion = 10.0.40219.1
Project("{FAE04EC0-301F-11D3-BF4B-00C04F79EFBC}") = "CurrencyDLL", "CurrencyDLL\CurrencyDLL.csproj", "{E50EC4E6-63DF-42CE-A913-7EA5589CC567}"
EndProject
Project("{FAE04EC0-301F-11D3-BF4B-00C04F79EFBC}") = "CurrencyConsoleApp", "CurrencyConsoleApp\CurrencyConsoleApp.csproj", "{58EF63FF-40C9-4B41-AC73-7F568E3D704C}"
EndProject
Project("{FAE04EC0-301F-11D3-BF4B-00C04F79EFBC}") = "CurrencyWinFormApp", "CurrencyWinFormApp\CurrencyWinFormApp.csproj", "{415202AE-CD2D-4AFA-9EDC-FA7D237950CD}"
EndProject
Project("{FAE04EC0-301F-11D3-BF4B-00C04F79EFBC}") = "WebApplication1", "WebApplication1\WebApplication1.csproj", "{CE37D684-5B06-4C4E-B764-62375C5E071D}"
EndProject
Global
	GlobalSection(SolutionConfigurationPlatforms) = preSolution
		Debug|Any CPU = Debug|Any CPU
		Release|Any CPU = Release|Any CPU
	EndGlobalSection
	GlobalSection(ProjectConfigurationPlatforms) = postSolution
		{E50EC4E6-63DF-42CE-A913-7EA5589CC567}.Debug|Any CPU.ActiveCfg = Debug|Any CPU
		{E50EC4E6-63DF-42CE-A913-7EA5589CC567}.Debug|Any CPU.Build.0 = Debug|Any CPU
		{E50EC4E6-63DF-42CE-A913-7EA5589CC567}.Release|Any CPU.ActiveCfg = Release|Any CPU
		{E50EC4E6-63DF-42CE-A913-7EA5589CC567}.Release|Any CPU.Build.0 = Release|Any CPU
		{58EF63FF-40C9-4B41-AC73-7F568E3D704C}.Debug|Any CPU.ActiveCfg = Debug|Any CPU
		{58EF63FF-40C9-4B41-AC73-7F568E3D704C}.Debug|Any CPU.Build.0 = Debug|Any CPU
		{58EF63FF-40C9-4B41-AC73-7F568E3D704C}.Release|Any CPU.ActiveCfg = Release|Any CPU
		{58EF63FF-40C9-4B41-AC73-7F568E3D704C}.Release|Any CPU.Build.0 = Release|Any CPU
		{415202AE-CD2D-4AFA-9EDC-FA7D237950CD}.Debug|Any CPU.ActiveCfg = Debug|Any CPU
		{415202AE-CD2D-4AFA-9EDC-FA7D237950CD}.Debug|Any CPU.Build.0 = Debug|Any CPU
		{415202AE-CD2D-4AFA-9EDC-FA7D237950CD}.Release|Any CPU.ActiveCfg = Release|Any CPU
		{415202AE-CD2D-4AFA-9EDC-FA7D237950CD}.Release|Any CPU.Build.0 = Release|Any CPU
		{CE37D684-5B06-4C4E-B764-62375C5E071D}.Debug|Any CPU.ActiveCfg = Debug|Any CPU
		{CE37D684-5B06-4C4E-B764-62375C5E071D}.Debug|Any CPU.Build.0 = Debug|Any CPU
		{CE37D684-5B06-4C4E-B764-62375C5E071D}.Release|Any CPU.ActiveCfg = Release|Any CPU
		{CE37D684-5B06-4C4E-B764-62375C5E071D}.Release|Any CPU.Build.0 = Release|Any CPU
	EndGlobalSection
	GlobalSection(SolutionProperties) = preSolution
		HideSolutionNode = FALSE
	EndGlobalSection
	GlobalSection(ExtensibilityGlobals) = postSolution
		SolutionGuid = {58244ECC-2B53-4214-8585-7EB05A699F0F}
	EndGlobalSection
EndGlobal
